// !$*UTF8*$!
{
	archiveVersion = 1;
	classes = {
	};
	objectVersion = 54;
	objects = {

/* Begin PBXBuildFile section */
		3B69079D25442EA100DDBC3B /* Person.swift in Sources */ = {isa = PBXBuildFile; fileRef = 3B69079C25442EA100DDBC3B /* Person.swift */; };
		3BB9A77325434D0700D718BE /* AppDelegate.swift in Sources */ = {isa = PBXBuildFile; fileRef = 3BB9A77225434D0700D718BE /* AppDelegate.swift */; };
		3BB9A77525434D0700D718BE /* SceneDelegate.swift in Sources */ = {isa = PBXBuildFile; fileRef = 3BB9A77425434D0700D718BE /* SceneDelegate.swift */; };
		3BB9A77725434D0700D718BE /* LoginViewController.swift in Sources */ = {isa = PBXBuildFile; fileRef = 3BB9A77625434D0700D718BE /* LoginViewController.swift */; };
		3BB9A77A25434D0700D718BE /* Main.storyboard in Resources */ = {isa = PBXBuildFile; fileRef = 3BB9A77825434D0700D718BE /* Main.storyboard */; };
		3BB9A77C25434D0700D718BE /* Assets.xcassets in Resources */ = {isa = PBXBuildFile; fileRef = 3BB9A77B25434D0700D718BE /* Assets.xcassets */; };
		3BB9A77F25434D0700D718BE /* LaunchScreen.storyboard in Resources */ = {isa = PBXBuildFile; fileRef = 3BB9A77D25434D0700D718BE /* LaunchScreen.storyboard */; };
		3BB9A7932543517400D718BE /* User.swift in Sources */ = {isa = PBXBuildFile; fileRef = 3BB9A7922543517400D718BE /* User.swift */; };
		3BC55F932544C16600A02274 /* PersonViewController.swift in Sources */ = {isa = PBXBuildFile; fileRef = 3BC55F922544C16600A02274 /* PersonViewController.swift */; };
		3BC91D862545B4E3006F6BC0 /* VideoViewController.swift in Sources */ = {isa = PBXBuildFile; fileRef = 3BC91D852545B4E3006F6BC0 /* VideoViewController.swift */; };
		3BC91D8A2545BB6B006F6BC0 /* cat_1.mp4 in Resources */ = {isa = PBXBuildFile; fileRef = 3BC91D892545BB6A006F6BC0 /* cat_1.mp4 */; };
		3BF5459F254465F500BCDCB3 /* WelcomeUserViewController.swift in Sources */ = {isa = PBXBuildFile; fileRef = 3BF5459E254465F500BCDCB3 /* WelcomeUserViewController.swift */; };
/* End PBXBuildFile section */

/* Begin PBXFileReference section */
		3B69079C25442EA100DDBC3B /* Person.swift */ = {isa = PBXFileReference; lastKnownFileType = sourcecode.swift; path = Person.swift; sourceTree = "<group>"; };
		3BB9A76F25434D0700D718BE /* SummaryApplication.app */ = {isa = PBXFileReference; explicitFileType = wrapper.application; includeInIndex = 0; path = SummaryApplication.app; sourceTree = BUILT_PRODUCTS_DIR; };
		3BB9A77225434D0700D718BE /* AppDelegate.swift */ = {isa = PBXFileReference; lastKnownFileType = sourcecode.swift; path = AppDelegate.swift; sourceTree = "<group>"; };
		3BB9A77425434D0700D718BE /* SceneDelegate.swift */ = {isa = PBXFileReference; lastKnownFileType = sourcecode.swift; path = SceneDelegate.swift; sourceTree = "<group>"; };
		3BB9A77625434D0700D718BE /* LoginViewController.swift */ = {isa = PBXFileReference; lastKnownFileType = sourcecode.swift; path = LoginViewController.swift; sourceTree = "<group>"; };
		3BB9A77925434D0700D718BE /* Base */ = {isa = PBXFileReference; lastKnownFileType = file.storyboard; name = Base; path = Base.lproj/Main.storyboard; sourceTree = "<group>"; };
		3BB9A77B25434D0700D718BE /* Assets.xcassets */ = {isa = PBXFileReference; lastKnownFileType = folder.assetcatalog; path = Assets.xcassets; sourceTree = "<group>"; };
		3BB9A77E25434D0700D718BE /* Base */ = {isa = PBXFileReference; lastKnownFileType = file.storyboard; name = Base; path = Base.lproj/LaunchScreen.storyboard; sourceTree = "<group>"; };
		3BB9A78025434D0700D718BE /* Info.plist */ = {isa = PBXFileReference; lastKnownFileType = text.plist.xml; path = Info.plist; sourceTree = "<group>"; };
		3BB9A7922543517400D718BE /* User.swift */ = {isa = PBXFileReference; lastKnownFileType = sourcecode.swift; path = User.swift; sourceTree = "<group>"; };
		3BC55F922544C16600A02274 /* PersonViewController.swift */ = {isa = PBXFileReference; lastKnownFileType = sourcecode.swift; path = PersonViewController.swift; sourceTree = "<group>"; };
		3BC91D852545B4E3006F6BC0 /* VideoViewController.swift */ = {isa = PBXFileReference; lastKnownFileType = sourcecode.swift; path = VideoViewController.swift; sourceTree = "<group>"; };
		3BC91D892545BB6A006F6BC0 /* cat_1.mp4 */ = {isa = PBXFileReference; lastKnownFileType = file; name = cat_1.mp4; path = ../../../../../../../../../Downloads/cat_1.mp4; sourceTree = "<group>"; };
		3BF5459E254465F500BCDCB3 /* WelcomeUserViewController.swift */ = {isa = PBXFileReference; lastKnownFileType = sourcecode.swift; path = WelcomeUserViewController.swift; sourceTree = "<group>"; };
/* End PBXFileReference section */

/* Begin PBXFrameworksBuildPhase section */
		3BB9A76C25434D0700D718BE /* Frameworks */ = {
			isa = PBXFrameworksBuildPhase;
			buildActionMask = 2147483647;
			files = (
			);
			runOnlyForDeploymentPostprocessing = 0;
		};
/* End PBXFrameworksBuildPhase section */

/* Begin PBXGroup section */
		3B69079B25442E4000DDBC3B /* Models */ = {
			isa = PBXGroup;
			children = (
				3BB9A7922543517400D718BE /* User.swift */,
				3B69079C25442EA100DDBC3B /* Person.swift */,
			);
			path = Models;
			sourceTree = "<group>";
		};
		3BB9A76625434D0700D718BE = {
			isa = PBXGroup;
			children = (
				3BB9A77125434D0700D718BE /* SummaryApplication */,
				3BB9A77025434D0700D718BE /* Products */,
			);
			sourceTree = "<group>";
		};
		3BB9A77025434D0700D718BE /* Products */ = {
			isa = PBXGroup;
			children = (
				3BB9A76F25434D0700D718BE /* SummaryApplication.app */,
			);
			name = Products;
			sourceTree = "<group>";
		};
		3BB9A77125434D0700D718BE /* SummaryApplication */ = {
			isa = PBXGroup;
			children = (
				3B69079B25442E4000DDBC3B /* Models */,
				3BB9A78A25434EDE00D718BE /* Supporting Files */,
				3BB9A78D25434F5E00D718BE /* View Controllers */,
				3BB9A78825434DD300D718BE /* Storyboards */,
				3BB9A78F25434F7200D718BE /* Resourses */,
			);
			path = SummaryApplication;
			sourceTree = "<group>";
		};
		3BB9A78825434DD300D718BE /* Storyboards */ = {
			isa = PBXGroup;
			children = (
				3BB9A77825434D0700D718BE /* Main.storyboard */,
				3BB9A77D25434D0700D718BE /* LaunchScreen.storyboard */,
			);
			path = Storyboards;
			sourceTree = "<group>";
		};
		3BB9A78A25434EDE00D718BE /* Supporting Files */ = {
			isa = PBXGroup;
			children = (
				3BB9A77225434D0700D718BE /* AppDelegate.swift */,
				3BB9A77425434D0700D718BE /* SceneDelegate.swift */,
				3BB9A78025434D0700D718BE /* Info.plist */,
			);
			path = "Supporting Files";
			sourceTree = "<group>";
		};
		3BB9A78D25434F5E00D718BE /* View Controllers */ = {
			isa = PBXGroup;
			children = (
				3BB9A77625434D0700D718BE /* LoginViewController.swift */,
				3BF5459E254465F500BCDCB3 /* WelcomeUserViewController.swift */,
				3BC55F922544C16600A02274 /* PersonViewController.swift */,
				3BC91D852545B4E3006F6BC0 /* VideoViewController.swift */,
			);
			path = "View Controllers";
			sourceTree = "<group>";
		};
		3BB9A78F25434F7200D718BE /* Resourses */ = {
			isa = PBXGroup;
			children = (
				3BC91D892545BB6A006F6BC0 /* cat_1.mp4 */,
				3BB9A77B25434D0700D718BE /* Assets.xcassets */,
			);
			path = Resourses;
			sourceTree = "<group>";
		};
/* End PBXGroup section */

/* Begin PBXNativeTarget section */
		3BB9A76E25434D0700D718BE /* SummaryApplication */ = {
			isa = PBXNativeTarget;
			buildConfigurationList = 3BB9A78325434D0700D718BE /* Build configuration list for PBXNativeTarget "SummaryApplication" */;
			buildPhases = (
				3BB9A76B25434D0700D718BE /* Sources */,
				3BB9A76C25434D0700D718BE /* Frameworks */,
				3BB9A76D25434D0700D718BE /* Resources */,
			);
			buildRules = (
			);
			dependencies = (
			);
			name = SummaryApplication;
			productName = SummaryApplication;
			productReference = 3BB9A76F25434D0700D718BE /* SummaryApplication.app */;
			productType = "com.apple.product-type.application";
		};
/* End PBXNativeTarget section */

/* Begin PBXProject section */
		3BB9A76725434D0700D718BE /* Project object */ = {
			isa = PBXProject;
			attributes = {
				LastSwiftUpdateCheck = 1210;
				LastUpgradeCheck = 1210;
				TargetAttributes = {
					3BB9A76E25434D0700D718BE = {
						CreatedOnToolsVersion = 12.1;
					};
				};
			};
			buildConfigurationList = 3BB9A76A25434D0700D718BE /* Build configuration list for PBXProject "SummaryApplication" */;
			compatibilityVersion = "Xcode 12.0";
			developmentRegion = en;
			hasScannedForEncodings = 0;
			knownRegions = (
				en,
				Base,
			);
			mainGroup = 3BB9A76625434D0700D718BE;
			productRefGroup = 3BB9A77025434D0700D718BE /* Products */;
			projectDirPath = "";
			projectRoot = "";
			targets = (
				3BB9A76E25434D0700D718BE /* SummaryApplication */,
			);
		};
/* End PBXProject section */

/* Begin PBXResourcesBuildPhase section */
		3BB9A76D25434D0700D718BE /* Resources */ = {
			isa = PBXResourcesBuildPhase;
			buildActionMask = 2147483647;
			files = (
				3BC91D8A2545BB6B006F6BC0 /* cat_1.mp4 in Resources */,
				3BB9A77F25434D0700D718BE /* LaunchScreen.storyboard in Resources */,
				3BB9A77C25434D0700D718BE /* Assets.xcassets in Resources */,
				3BB9A77A25434D0700D718BE /* Main.storyboard in Resources */,
			);
			runOnlyForDeploymentPostprocessing = 0;
		};
/* End PBXResourcesBuildPhase section */

/* Begin PBXSourcesBuildPhase section */
		3BB9A76B25434D0700D718BE /* Sources */ = {
			isa = PBXSourcesBuildPhase;
			buildActionMask = 2147483647;
			files = (
				3BF5459F254465F500BCDCB3 /* WelcomeUserViewController.swift in Sources */,
				3BC91D862545B4E3006F6BC0 /* VideoViewController.swift in Sources */,
				3B69079D25442EA100DDBC3B /* Person.swift in Sources */,
				3BC55F932544C16600A02274 /* PersonViewController.swift in Sources */,
				3BB9A7932543517400D718BE /* User.swift in Sources */,
				3BB9A77725434D0700D718BE /* LoginViewController.swift in Sources */,
				3BB9A77325434D0700D718BE /* AppDelegate.swift in Sources */,
				3BB9A77525434D0700D718BE /* SceneDelegate.swift in Sources */,
			);
			runOnlyForDeploymentPostprocessing = 0;
		};
/* End PBXSourcesBuildPhase section */

/* Begin PBXVariantGroup section */
		3BB9A77825434D0700D718BE /* Main.storyboard */ = {
			isa = PBXVariantGroup;
			children = (
				3BB9A77925434D0700D718BE /* Base */,
			);
			name = Main.storyboard;
			sourceTree = "<group>";
		};
		3BB9A77D25434D0700D718BE /* LaunchScreen.storyboard */ = {
			isa = PBXVariantGroup;
			children = (
				3BB9A77E25434D0700D718BE /* Base */,
			);
			name = LaunchScreen.storyboard;
			sourceTree = "<group>";
		};
/* End PBXVariantGroup section */

/* Begin XCBuildConfiguration section */
		3BB9A78125434D0700D718BE /* Debug */ = {
			isa = XCBuildConfiguration;
			buildSettings = {
				ALWAYS_SEARCH_USER_PATHS = NO;
				CLANG_ANALYZER_NONNULL = YES;
				CLANG_ANALYZER_NUMBER_OBJECT_CONVERSION = YES_AGGRESSIVE;
				CLANG_CXX_LANGUAGE_STANDARD = "gnu++14";
				CLANG_CXX_LIBRARY = "libc++";
				CLANG_ENABLE_MODULES = YES;
				CLANG_ENABLE_OBJC_ARC = YES;
				CLANG_ENABLE_OBJC_WEAK = YES;
				CLANG_WARN_BLOCK_CAPTURE_AUTORELEASING = YES;
				CLANG_WARN_BOOL_CONVERSION = YES;
				CLANG_WARN_COMMA = YES;
				CLANG_WARN_CONSTANT_CONVERSION = YES;
				CLANG_WARN_DEPRECATED_OBJC_IMPLEMENTATIONS = YES;
				CLANG_WARN_DIRECT_OBJC_ISA_USAGE = YES_ERROR;
				CLANG_WARN_DOCUMENTATION_COMMENTS = YES;
				CLANG_WARN_EMPTY_BODY = YES;
				CLANG_WARN_ENUM_CONVERSION = YES;
				CLANG_WARN_INFINITE_RECURSION = YES;
				CLANG_WARN_INT_CONVERSION = YES;
				CLANG_WARN_NON_LITERAL_NULL_CONVERSION = YES;
				CLANG_WARN_OBJC_IMPLICIT_RETAIN_SELF = YES;
				CLANG_WARN_OBJC_LITERAL_CONVERSION = YES;
				CLANG_WARN_OBJC_ROOT_CLASS = YES_ERROR;
				CLANG_WARN_QUOTED_INCLUDE_IN_FRAMEWORK_HEADER = YES;
				CLANG_WARN_RANGE_LOOP_ANALYSIS = YES;
				CLANG_WARN_STRICT_PROTOTYPES = YES;
				CLANG_WARN_SUSPICIOUS_MOVE = YES;
				CLANG_WARN_UNGUARDED_AVAILABILITY = YES_AGGRESSIVE;
				CLANG_WARN_UNREACHABLE_CODE = YES;
				CLANG_WARN__DUPLICATE_METHOD_MATCH = YES;
				COPY_PHASE_STRIP = NO;
				DEBUG_INFORMATION_FORMAT = dwarf;
				ENABLE_STRICT_OBJC_MSGSEND = YES;
				ENABLE_TESTABILITY = YES;
				GCC_C_LANGUAGE_STANDARD = gnu11;
				GCC_DYNAMIC_NO_PIC = NO;
				GCC_NO_COMMON_BLOCKS = YES;
				GCC_OPTIMIZATION_LEVEL = 0;
				GCC_PREPROCESSOR_DEFINITIONS = (
					"DEBUG=1",
					"$(inherited)",
				);
				GCC_WARN_64_TO_32_BIT_CONVERSION = YES;
				GCC_WARN_ABOUT_RETURN_TYPE = YES_ERROR;
				GCC_WARN_UNDECLARED_SELECTOR = YES;
				GCC_WARN_UNINITIALIZED_AUTOS = YES_AGGRESSIVE;
				GCC_WARN_UNUSED_FUNCTION = YES;
				GCC_WARN_UNUSED_VARIABLE = YES;
				IPHONEOS_DEPLOYMENT_TARGET = 14.1;
				MTL_ENABLE_DEBUG_INFO = INCLUDE_SOURCE;
				MTL_FAST_MATH = YES;
				ONLY_ACTIVE_ARCH = YES;
				SDKROOT = iphoneos;
				SWIFT_ACTIVE_COMPILATION_CONDITIONS = DEBUG;
				SWIFT_OPTIMIZATION_LEVEL = "-Onone";
			};
			name = Debug;
		};
		3BB9A78225434D0700D718BE /* Release */ = {
			isa = XCBuildConfiguration;
			buildSettings = {
				ALWAYS_SEARCH_USER_PATHS = NO;
				CLANG_ANALYZER_NONNULL = YES;
				CLANG_ANALYZER_NUMBER_OBJECT_CONVERSION = YES_AGGRESSIVE;
				CLANG_CXX_LANGUAGE_STANDARD = "gnu++14";
				CLANG_CXX_LIBRARY = "libc++";
				CLANG_ENABLE_MODULES = YES;
				CLANG_ENABLE_OBJC_ARC = YES;
				CLANG_ENABLE_OBJC_WEAK = YES;
				CLANG_WARN_BLOCK_CAPTURE_AUTORELEASING = YES;
				CLANG_WARN_BOOL_CONVERSION = YES;
				CLANG_WARN_COMMA = YES;
				CLANG_WARN_CONSTANT_CONVERSION = YES;
				CLANG_WARN_DEPRECATED_OBJC_IMPLEMENTATIONS = YES;
				CLANG_WARN_DIRECT_OBJC_ISA_USAGE = YES_ERROR;
				CLANG_WARN_DOCUMENTATION_COMMENTS = YES;
				CLANG_WARN_EMPTY_BODY = YES;
				CLANG_WARN_ENUM_CONVERSION = YES;
				CLANG_WARN_INFINITE_RECURSION = YES;
				CLANG_WARN_INT_CONVERSION = YES;
				CLANG_WARN_NON_LITERAL_NULL_CONVERSION = YES;
				CLANG_WARN_OBJC_IMPLICIT_RETAIN_SELF = YES;
				CLANG_WARN_OBJC_LITERAL_CONVERSION = YES;
				CLANG_WARN_OBJC_ROOT_CLASS = YES_ERROR;
				CLANG_WARN_QUOTED_INCLUDE_IN_FRAMEWORK_HEADER = YES;
				CLANG_WARN_RANGE_LOOP_ANALYSIS = YES;
				CLANG_WARN_STRICT_PROTOTYPES = YES;
				CLANG_WARN_SUSPICIOUS_MOVE = YES;
				CLANG_WARN_UNGUARDED_AVAILABILITY = YES_AGGRESSIVE;
				CLANG_WARN_UNREACHABLE_CODE = YES;
				CLANG_WARN__DUPLICATE_METHOD_MATCH = YES;
				COPY_PHASE_STRIP = NO;
				DEBUG_INFORMATION_FORMAT = "dwarf-with-dsym";
				ENABLE_NS_ASSERTIONS = NO;
				ENABLE_STRICT_OBJC_MSGSEND = YES;
				GCC_C_LANGUAGE_STANDARD = gnu11;
				GCC_NO_COMMON_BLOCKS = YES;
				GCC_WARN_64_TO_32_BIT_CONVERSION = YES;
				GCC_WARN_ABOUT_RETURN_TYPE = YES_ERROR;
				GCC_WARN_UNDECLARED_SELECTOR = YES;
				GCC_WARN_UNINITIALIZED_AUTOS = YES_AGGRESSIVE;
				GCC_WARN_UNUSED_FUNCTION = YES;
				GCC_WARN_UNUSED_VARIABLE = YES;
				IPHONEOS_DEPLOYMENT_TARGET = 14.1;
				MTL_ENABLE_DEBUG_INFO = NO;
				MTL_FAST_MATH = YES;
				SDKROOT = iphoneos;
				SWIFT_COMPILATION_MODE = wholemodule;
				SWIFT_OPTIMIZATION_LEVEL = "-O";
				VALIDATE_PRODUCT = YES;
			};
			name = Release;
		};
		3BB9A78425434D0700D718BE /* Debug */ = {
			isa = XCBuildConfiguration;
			buildSettings = {
				ASSETCATALOG_COMPILER_APPICON_NAME = AppIcon;
				ASSETCATALOG_COMPILER_GLOBAL_ACCENT_COLOR_NAME = AccentColor;
				CODE_SIGN_STYLE = Automatic;
				INFOPLIST_FILE = "SummaryApplication/Supporting Files/Info.plist";
				LD_RUNPATH_SEARCH_PATHS = (
					"$(inherited)",
					"@executable_path/Frameworks",
				);
				PRODUCT_BUNDLE_IDENTIFIER = ru.dmitry.SummaryApplication;
				PRODUCT_NAME = "$(TARGET_NAME)";
				SWIFT_VERSION = 5.0;
				TARGETED_DEVICE_FAMILY = 1;
			};
			name = Debug;
		};
		3BB9A78525434D0700D718BE /* Release */ = {
			isa = XCBuildConfiguration;
			buildSettings = {
				ASSETCATALOG_COMPILER_APPICON_NAME = AppIcon;
				ASSETCATALOG_COMPILER_GLOBAL_ACCENT_COLOR_NAME = AccentColor;
				CODE_SIGN_STYLE = Automatic;
				INFOPLIST_FILE = "SummaryApplication/Supporting Files/Info.plist";
				LD_RUNPATH_SEARCH_PATHS = (
					"$(inherited)",
					"@executable_path/Frameworks",
				);
				PRODUCT_BUNDLE_IDENTIFIER = ru.dmitry.SummaryApplication;
				PRODUCT_NAME = "$(TARGET_NAME)";
				SWIFT_VERSION = 5.0;
				TARGETED_DEVICE_FAMILY = 1;
			};
			name = Release;
		};
/* End XCBuildConfiguration section */

/* Begin XCConfigurationList section */
		3BB9A76A25434D0700D718BE /* Build configuration list for PBXProject "SummaryApplication" */ = {
			isa = XCConfigurationList;
			buildConfigurations = (
				3BB9A78125434D0700D718BE /* Debug */,
				3BB9A78225434D0700D718BE /* Release */,
			);
			defaultConfigurationIsVisible = 0;
			defaultConfigurationName = Release;
		};
		3BB9A78325434D0700D718BE /* Build configuration list for PBXNativeTarget "SummaryApplication" */ = {
			isa = XCConfigurationList;
			buildConfigurations = (
				3BB9A78425434D0700D718BE /* Debug */,
				3BB9A78525434D0700D718BE /* Release */,
			);
			defaultConfigurationIsVisible = 0;
			defaultConfigurationName = Release;
		};
/* End XCConfigurationList section */
	};
	rootObject = 3BB9A76725434D0700D718BE /* Project object */;
}
